{
  "version": 4,
  "terraform_version": "1.11.2",
  "serial": 6,
  "lineage": "dfea696b-99bb-a159-29ef-053907353646",
  "outputs": {},
  "resources": [
    {
      "mode": "managed",
      "type": "yandex_vpc_subnet",
      "name": "bastion_subnet",
      "provider": "provider[\"registry.terraform.io/yandex-cloud/yandex\"]",
      "instances": [
        {
          "schema_version": 0,
          "attributes": {
            "created_at": "2025-03-16T15:44:21Z",
            "description": "",
            "dhcp_options": [],
            "folder_id": "b1gcg6gqhm0e7ot4ti1g",
            "id": "e9bl9hu55el430emab5s",
            "labels": {},
            "name": "bastion_subnet",
            "network_id": "enp9c40tiqa2fesa80th",
            "route_table_id": "",
            "timeouts": null,
            "v4_cidr_blocks": [
              "10.20.30.0/24"
            ],
            "v6_cidr_blocks": [],
            "zone": "ru-central1-a"
          },
          "sensitive_attributes": [],
          "private": "eyJlMmJmYjczMC1lY2FhLTExZTYtOGY4OC0zNDM2M2JjN2M0YzAiOnsiY3JlYXRlIjoxODAwMDAwMDAwMDAsImRlbGV0ZSI6MTgwMDAwMDAwMDAwLCJ1cGRhdGUiOjE4MDAwMDAwMDAwMH19"
        }
      ]
    },
    {
      "module": "module.tf-psql-cluster",
      "mode": "managed",
      "type": "yandex_mdb_postgresql_cluster",
      "name": "tf-psql-cluster",
      "provider": "provider[\"registry.terraform.io/yandex-cloud/yandex\"]",
      "instances": [
        {
          "status": "tainted",
          "schema_version": 0,
          "attributes": {
            "config": [
              {
                "access": [
                  {
                    "data_lens": false,
                    "data_transfer": false,
                    "serverless": false,
                    "web_sql": false
                  }
                ],
                "autofailover": true,
                "backup_retain_period_days": 7,
                "backup_window_start": [
                  {
                    "hours": 0,
                    "minutes": 0
                  }
                ],
                "disk_size_autoscaling": [
                  {
                    "disk_size_limit": 0,
                    "emergency_usage_threshold": 0,
                    "planned_usage_threshold": 0
                  }
                ],
                "performance_diagnostics": [
                  {
                    "enabled": false,
                    "sessions_sampling_interval": 60,
                    "statements_sampling_interval": 600
                  }
                ],
                "pooler_config": [],
                "postgresql_config": {
                  "password_encryption": "1",
                  "shared_preload_libraries": ""
                },
                "resources": [
                  {
                    "disk_size": 16,
                    "disk_type_id": "network-hdd",
                    "resource_preset_id": "s2.micro"
                  }
                ],
                "version": "15"
              }
            ],
            "created_at": "2025-03-16T15:44:21Z",
            "database": [],
            "deletion_protection": false,
            "description": "",
            "environment": "PRESTABLE",
            "folder_id": "b1gcg6gqhm0e7ot4ti1g",
            "health": "HEALTH_UNKNOWN",
            "host": [
              {
                "assign_public_ip": false,
                "fqdn": "rc1a-frgfuuu2bmffu185.mdb.yandexcloud.net",
                "name": "",
                "priority": 0,
                "replication_source": "",
                "replication_source_name": "",
                "role": "ROLE_UNKNOWN",
                "subnet_id": "e9brajjpnr1qmgo0n8p6",
                "zone": "ru-central1-a"
              }
            ],
            "host_group_ids": [],
            "host_master_name": "",
            "id": "c9q8vvo9uffll4r3lhju",
            "labels": {},
            "maintenance_window": [
              {
                "day": "",
                "hour": 0,
                "type": "ANYTIME"
              }
            ],
            "name": "tf-psql-cluster",
            "network_id": "enp9c40tiqa2fesa80th",
            "restore": [],
            "security_group_ids": [],
            "status": "STOPPED",
            "timeouts": null,
            "user": []
          },
          "sensitive_attributes": [],
          "private": "eyJlMmJmYjczMC1lY2FhLTExZTYtOGY4OC0zNDM2M2JjN2M0YzAiOnsiY3JlYXRlIjoxODAwMDAwMDAwMDAwLCJkZWxldGUiOjkwMDAwMDAwMDAwMCwidXBkYXRlIjozNjAwMDAwMDAwMDAwfX0="
        }
      ]
    }
  ],
  "check_results": null
}
